PODS:
  - mruby (1.3.3)
  - RubyCore (0.1.0):
    - mruby (~> 1.3)

DEPENDENCIES:
  - mruby (~> 1.3)
  - RubyCore (from `../`)

EXTERNAL SOURCES:
  RubyCore:
    :path: ../

SPEC CHECKSUMS:
  mruby: 67b2664468b73339f89d0dbae48b48c54de7b5c9
  RubyCore: f965d827328e0b37c162e2fba77602782e77b590

PODFILE CHECKSUM: 9357d1c6c9cdc338b0bb5dc88fe3dffa588e4f27

COCOAPODS: 1.3.1
